Microsoft Visual Studio Solution File, Format Version 12.00
# Visual Studio Version 17
VisualStudioVersion = 17.14.35821.62
MinimumVisualStudioVersion = 10.0.40219.1
Project("{FAE04EC0-301F-11D3-BF4B-00C04F79EFBC}") = "Web", "Web\Web.csproj", "{066F3566-0101-4942-B43D-D4A403787BFC}"
EndProject
Project("{FAE04EC0-301F-11D3-BF4B-00C04F79EFBC}") = "Tidepool", "Tidepool\Tidepool\Tidepool.csproj", "{8BB33D97-1F94-42E0-BB31-B776D51BB850}"
EndProject
Project("{FAE04EC0-301F-11D3-BF4B-00C04F79EFBC}") = "DataLayer", "DataLayer\DataLayer.csproj", "{438C81CF-526C-4C11-A032-024F1FC67C52}"
EndProject
Project("{FAE04EC0-301F-11D3-BF4B-00C04F79EFBC}") = "FHIR", "FHIR\FHIR\FHIR.csproj", "{061F89ED-9D2B-4168-BE3E-2B959FA784C2}"
EndProject
Global
	GlobalSection(SolutionConfigurationPlatforms) = preSolution
		Debug|Any CPU = Debug|Any CPU
		Release|Any CPU = Release|Any CPU
	EndGlobalSection
	GlobalSection(ProjectConfigurationPlatforms) = postSolution
		{066F3566-0101-4942-B43D-D4A403787BFC}.Debug|Any CPU.ActiveCfg = Debug|Any CPU
		{066F3566-0101-4942-B43D-D4A403787BFC}.Debug|Any CPU.Build.0 = Debug|Any CPU
		{066F3566-0101-4942-B43D-D4A403787BFC}.Release|Any CPU.ActiveCfg = Release|Any CPU
		{066F3566-0101-4942-B43D-D4A403787BFC}.Release|Any CPU.Build.0 = Release|Any CPU
		{8BB33D97-1F94-42E0-BB31-B776D51BB850}.Debug|Any CPU.ActiveCfg = Debug|Any CPU
		{8BB33D97-1F94-42E0-BB31-B776D51BB850}.Debug|Any CPU.Build.0 = Debug|Any CPU
		{8BB33D97-1F94-42E0-BB31-B776D51BB850}.Release|Any CPU.ActiveCfg = Release|Any CPU
		{8BB33D97-1F94-42E0-BB31-B776D51BB850}.Release|Any CPU.Build.0 = Release|Any CPU
		{438C81CF-526C-4C11-A032-024F1FC67C52}.Debug|Any CPU.ActiveCfg = Debug|Any CPU
		{438C81CF-526C-4C11-A032-024F1FC67C52}.Debug|Any CPU.Build.0 = Debug|Any CPU
		{438C81CF-526C-4C11-A032-024F1FC67C52}.Release|Any CPU.ActiveCfg = Release|Any CPU
		{438C81CF-526C-4C11-A032-024F1FC67C52}.Release|Any CPU.Build.0 = Release|Any CPU
		{061F89ED-9D2B-4168-BE3E-2B959FA784C2}.Debug|Any CPU.ActiveCfg = Debug|Any CPU
		{061F89ED-9D2B-4168-BE3E-2B959FA784C2}.Debug|Any CPU.Build.0 = Debug|Any CPU
		{061F89ED-9D2B-4168-BE3E-2B959FA784C2}.Release|Any CPU.ActiveCfg = Release|Any CPU
		{061F89ED-9D2B-4168-BE3E-2B959FA784C2}.Release|Any CPU.Build.0 = Release|Any CPU
	EndGlobalSection
	GlobalSection(SolutionProperties) = preSolution
		HideSolutionNode = FALSE
	EndGlobalSection
	GlobalSection(ExtensibilityGlobals) = postSolution
		SolutionGuid = {BDA0FD76-5F06-471C-96A5-0EAB0E8E9D52}
	EndGlobalSection
EndGlobal
